
Microsoft Visual Studio Solution File, Format Version 12.00
# Visual Studio 15
VisualStudioVersion = 15.0.28307.757
MinimumVisualStudioVersion = 10.0.40219.1
Project("{FAE04EC0-301F-11D3-BF4B-00C04F79EFBC}") = "HelloConsole", "HelloConsole\HelloConsole.csproj", "{DEBD7925-4DEB-4E05-91A4-7D52BD8E131D}"
EndProject
Project("{FAE04EC0-301F-11D3-BF4B-00C04F79EFBC}") = "helloConsoleTest", "helloConsoleTest\helloConsoleTest.csproj", "{C3453C20-5373-440B-92DC-236AEBDDF8B2}"
EndProject
Global
	GlobalSection(SolutionConfigurationPlatforms) = preSolution
		Debug|Any CPU = Debug|Any CPU
		Release|Any CPU = Release|Any CPU
	EndGlobalSection
	GlobalSection(ProjectConfigurationPlatforms) = postSolution
		{DEBD7925-4DEB-4E05-91A4-7D52BD8E131D}.Debug|Any CPU.ActiveCfg = Debug|Any CPU
		{DEBD7925-4DEB-4E05-91A4-7D52BD8E131D}.Debug|Any CPU.Build.0 = Debug|Any CPU
		{DEBD7925-4DEB-4E05-91A4-7D52BD8E131D}.Release|Any CPU.ActiveCfg = Release|Any CPU
		{DEBD7925-4DEB-4E05-91A4-7D52BD8E131D}.Release|Any CPU.Build.0 = Release|Any CPU
		{C3453C20-5373-440B-92DC-236AEBDDF8B2}.Debug|Any CPU.ActiveCfg = Debug|Any CPU
		{C3453C20-5373-440B-92DC-236AEBDDF8B2}.Debug|Any CPU.Build.0 = Debug|Any CPU
		{C3453C20-5373-440B-92DC-236AEBDDF8B2}.Release|Any CPU.ActiveCfg = Release|Any CPU
		{C3453C20-5373-440B-92DC-236AEBDDF8B2}.Release|Any CPU.Build.0 = Release|Any CPU
	EndGlobalSection
	GlobalSection(SolutionProperties) = preSolution
		HideSolutionNode = FALSE
	EndGlobalSection
	GlobalSection(ExtensibilityGlobals) = postSolution
		SolutionGuid = {C80A6007-6D96-4FCE-A1E2-9DE2D2FA949D}
	EndGlobalSection
EndGlobal
